// !$*UTF8*$!
{
	archiveVersion = 1;
	classes = {
	};
	objectVersion = 46;
	objects = {

/* Begin PBXBuildFile section */
		415AD33C1CC7263D00C2BB1A /* main.m in Sources */ = {isa = PBXBuildFile; fileRef = 415AD33B1CC7263D00C2BB1A /* main.m */; };
		415AD33F1CC7263D00C2BB1A /* AppDelegate.m in Sources */ = {isa = PBXBuildFile; fileRef = 415AD33E1CC7263D00C2BB1A /* AppDelegate.m */; };
		415AD3421CC7263D00C2BB1A /* ViewController.m in Sources */ = {isa = PBXBuildFile; fileRef = 415AD3411CC7263D00C2BB1A /* ViewController.m */; };
		415AD3451CC7263D00C2BB1A /* Main.storyboard in Resources */ = {isa = PBXBuildFile; fileRef = 415AD3431CC7263D00C2BB1A /* Main.storyboard */; };
		415AD3471CC7263D00C2BB1A /* Assets.xcassets in Resources */ = {isa = PBXBuildFile; fileRef = 415AD3461CC7263D00C2BB1A /* Assets.xcassets */; };
		415AD34A1CC7263D00C2BB1A /* LaunchScreen.storyboard in Resources */ = {isa = PBXBuildFile; fileRef = 415AD3481CC7263D00C2BB1A /* LaunchScreen.storyboard */; };
		415AD3551CC7263D00C2BB1A /* _____Tests.m in Sources */ = {isa = PBXBuildFile; fileRef = 415AD3541CC7263D00C2BB1A /* _____Tests.m */; };
		415AD3601CC7263D00C2BB1A /* _____UITests.m in Sources */ = {isa = PBXBuildFile; fileRef = 415AD35F1CC7263D00C2BB1A /* _____UITests.m */; };
		415AD36F1CC74E5600C2BB1A /* UIViewController+navigatinSetting.m in Sources */ = {isa = PBXBuildFile; fileRef = 415AD36E1CC74E5600C2BB1A /* UIViewController+navigatinSetting.m */; };
		415AD3711CC751B000C2BB1A /* boat.jpg in Resources */ = {isa = PBXBuildFile; fileRef = 415AD3701CC751B000C2BB1A /* boat.jpg */; };
/* End PBXBuildFile section */

/* Begin PBXContainerItemProxy section */
		415AD3511CC7263D00C2BB1A /* PBXContainerItemProxy */ = {
			isa = PBXContainerItemProxy;
			containerPortal = 415AD32F1CC7263D00C2BB1A /* Project object */;
			proxyType = 1;
			remoteGlobalIDString = 415AD3361CC7263D00C2BB1A;
			remoteInfo = "渐变导航栏";
		};
		415AD35C1CC7263D00C2BB1A /* PBXContainerItemProxy */ = {
			isa = PBXContainerItemProxy;
			containerPortal = 415AD32F1CC7263D00C2BB1A /* Project object */;
			proxyType = 1;
			remoteGlobalIDString = 415AD3361CC7263D00C2BB1A;
			remoteInfo = "渐变导航栏";
		};
/* End PBXContainerItemProxy section */

/* Begin PBXFileReference section */
		415AD3371CC7263D00C2BB1A /* 渐变导航栏.app */ = {isa = PBXFileReference; explicitFileType = wrapper.application; includeInIndex = 0; path = "渐变导航栏.app"; sourceTree = BUILT_PRODUCTS_DIR; };
		415AD33B1CC7263D00C2BB1A /* main.m */ = {isa = PBXFileReference; lastKnownFileType = sourcecode.c.objc; path = main.m; sourceTree = "<group>"; };
		415AD33D1CC7263D00C2BB1A /* AppDelegate.h */ = {isa = PBXFileReference; lastKnownFileType = sourcecode.c.h; path = AppDelegate.h; sourceTree = "<group>"; };
		415AD33E1CC7263D00C2BB1A /* AppDelegate.m */ = {isa = PBXFileReference; lastKnownFileType = sourcecode.c.objc; path = AppDelegate.m; sourceTree = "<group>"; };
		415AD3401CC7263D00C2BB1A /* ViewController.h */ = {isa = PBXFileReference; lastKnownFileType = sourcecode.c.h; path = ViewController.h; sourceTree = "<group>"; };
		415AD3411CC7263D00C2BB1A /* ViewController.m */ = {isa = PBXFileReference; lastKnownFileType = sourcecode.c.objc; path = ViewController.m; sourceTree = "<group>"; };
		415AD3441CC7263D00C2BB1A /* Base */ = {isa = PBXFileReference; lastKnownFileType = file.storyboard; name = Base; path = Base.lproj/Main.storyboard; sourceTree = "<group>"; };
		415AD3461CC7263D00C2BB1A /* Assets.xcassets */ = {isa = PBXFileReference; lastKnownFileType = folder.assetcatalog; path = Assets.xcassets; sourceTree = "<group>"; };
		415AD3491CC7263D00C2BB1A /* Base */ = {isa = PBXFileReference; lastKnownFileType = file.storyboard; name = Base; path = Base.lproj/LaunchScreen.storyboard; sourceTree = "<group>"; };
		415AD34B1CC7263D00C2BB1A /* Info.plist */ = {isa = PBXFileReference; lastKnownFileType = text.plist.xml; path = Info.plist; sourceTree = "<group>"; };
		415AD3501CC7263D00C2BB1A /* 渐变导航栏Tests.xctest */ = {isa = PBXFileReference; explicitFileType = wrapper.cfbundle; includeInIndex = 0; path = "渐变导航栏Tests.xctest"; sourceTree = BUILT_PRODUCTS_DIR; };
		415AD3541CC7263D00C2BB1A /* _____Tests.m */ = {isa = PBXFileReference; lastKnownFileType = sourcecode.c.objc; path = "_____Tests.m"; sourceTree = "<group>"; };
		415AD3561CC7263D00C2BB1A /* Info.plist */ = {isa = PBXFileReference; lastKnownFileType = text.plist.xml; path = Info.plist; sourceTree = "<group>"; };
		415AD35B1CC7263D00C2BB1A /* 渐变导航栏UITests.xctest */ = {isa = PBXFileReference; explicitFileType = wrapper.cfbundle; includeInIndex = 0; path = "渐变导航栏UITests.xctest"; sourceTree = BUILT_PRODUCTS_DIR; };
		415AD35F1CC7263D00C2BB1A /* _____UITests.m */ = {isa = PBXFileReference; lastKnownFileType = sourcecode.c.objc; path = "_____UITests.m"; sourceTree = "<group>"; };
		415AD3611CC7263D00C2BB1A /* Info.plist */ = {isa = PBXFileReference; lastKnownFileType = text.plist.xml; path = Info.plist; sourceTree = "<group>"; };
		415AD36D1CC74E5600C2BB1A /* UIViewController+navigatinSetting.h */ = {isa = PBXFileReference; fileEncoding = 4; lastKnownFileType = sourcecode.c.h; path = "UIViewController+navigatinSetting.h"; sourceTree = "<group>"; };
		415AD36E1CC74E5600C2BB1A /* UIViewController+navigatinSetting.m */ = {isa = PBXFileReference; fileEncoding = 4; lastKnownFileType = sourcecode.c.objc; path = "UIViewController+navigatinSetting.m"; sourceTree = "<group>"; };
		415AD3701CC751B000C2BB1A /* boat.jpg */ = {isa = PBXFileReference; lastKnownFileType = image.jpeg; path = boat.jpg; sourceTree = "<group>"; };
/* End PBXFileReference section */

/* Begin PBXFrameworksBuildPhase section */
		415AD3341CC7263D00C2BB1A /* Frameworks */ = {
			isa = PBXFrameworksBuildPhase;
			buildActionMask = 2147483647;
			files = (
			);
			runOnlyForDeploymentPostprocessing = 0;
		};
		415AD34D1CC7263D00C2BB1A /* Frameworks */ = {
			isa = PBXFrameworksBuildPhase;
			buildActionMask = 2147483647;
			files = (
			);
			runOnlyForDeploymentPostprocessing = 0;
		};
		415AD3581CC7263D00C2BB1A /* Frameworks */ = {
			isa = PBXFrameworksBuildPhase;
			buildActionMask = 2147483647;
			files = (
			);
			runOnlyForDeploymentPostprocessing = 0;
		};
/* End PBXFrameworksBuildPhase section */

/* Begin PBXGroup section */
		415AD32E1CC7263D00C2BB1A = {
			isa = PBXGroup;
			children = (
				415AD3391CC7263D00C2BB1A /* 渐变导航栏 */,
				415AD3531CC7263D00C2BB1A /* 渐变导航栏Tests */,
				415AD35E1CC7263D00C2BB1A /* 渐变导航栏UITests */,
				415AD3381CC7263D00C2BB1A /* Products */,
			);
			sourceTree = "<group>";
		};
		415AD3381CC7263D00C2BB1A /* Products */ = {
			isa = PBXGroup;
			children = (
				415AD3371CC7263D00C2BB1A /* 渐变导航栏.app */,
				415AD3501CC7263D00C2BB1A /* 渐变导航栏Tests.xctest */,
				415AD35B1CC7263D00C2BB1A /* 渐变导航栏UITests.xctest */,
			);
			name = Products;
			sourceTree = "<group>";
		};
		415AD3391CC7263D00C2BB1A /* 渐变导航栏 */ = {
			isa = PBXGroup;
			children = (
				415AD33D1CC7263D00C2BB1A /* AppDelegate.h */,
				415AD33E1CC7263D00C2BB1A /* AppDelegate.m */,
				415AD3401CC7263D00C2BB1A /* ViewController.h */,
				415AD3411CC7263D00C2BB1A /* ViewController.m */,
				415AD3431CC7263D00C2BB1A /* Main.storyboard */,
				415AD3461CC7263D00C2BB1A /* Assets.xcassets */,
				415AD3481CC7263D00C2BB1A /* LaunchScreen.storyboard */,
				415AD34B1CC7263D00C2BB1A /* Info.plist */,
				415AD33A1CC7263D00C2BB1A /* Supporting Files */,
				415AD36D1CC74E5600C2BB1A /* UIViewController+navigatinSetting.h */,
				415AD36E1CC74E5600C2BB1A /* UIViewController+navigatinSetting.m */,
				415AD3701CC751B000C2BB1A /* boat.jpg */,
			);
			path = "渐变导航栏";
			sourceTree = "<group>";
		};
		415AD33A1CC7263D00C2BB1A /* Supporting Files */ = {
			isa = PBXGroup;
			children = (
				415AD33B1CC7263D00C2BB1A /* main.m */,
			);
			name = "Supporting Files";
			sourceTree = "<group>";
		};
		415AD3531CC7263D00C2BB1A /* 渐变导航栏Tests */ = {
			isa = PBXGroup;
			children = (
				415AD3541CC7263D00C2BB1A /* _____Tests.m */,
				415AD3561CC7263D00C2BB1A /* Info.plist */,
			);
			path = "渐变导航栏Tests";
			sourceTree = "<group>";
		};
		415AD35E1CC7263D00C2BB1A /* 渐变导航栏UITests */ = {
			isa = PBXGroup;
			children = (
				415AD35F1CC7263D00C2BB1A /* _____UITests.m */,
				415AD3611CC7263D00C2BB1A /* Info.plist */,
			);
			path = "渐变导航栏UITests";
			sourceTree = "<group>";
		};
/* End PBXGroup section */

/* Begin PBXNativeTarget section */
		415AD3361CC7263D00C2BB1A /* 渐变导航栏 */ = {
			isa = PBXNativeTarget;
			buildConfigurationList = 415AD3641CC7263D00C2BB1A /* Build configuration list for PBXNativeTarget "渐变导航栏" */;
			buildPhases = (
				415AD3331CC7263D00C2BB1A /* Sources */,
				415AD3341CC7263D00C2BB1A /* Frameworks */,
				415AD3351CC7263D00C2BB1A /* Resources */,
			);
			buildRules = (
			);
			dependencies = (
			);
			name = "渐变导航栏";
			productName = "渐变导航栏";
			productReference = 415AD3371CC7263D00C2BB1A /* 渐变导航栏.app */;
			productType = "com.apple.product-type.application";
		};
		415AD34F1CC7263D00C2BB1A /* 渐变导航栏Tests */ = {
			isa = PBXNativeTarget;
			buildConfigurationList = 415AD3671CC7263D00C2BB1A /* Build configuration list for PBXNativeTarget "渐变导航栏Tests" */;
			buildPhases = (
				415AD34C1CC7263D00C2BB1A /* Sources */,
				415AD34D1CC7263D00C2BB1A /* Frameworks */,
				415AD34E1CC7263D00C2BB1A /* Resources */,
			);
			buildRules = (
			);
			dependencies = (
				415AD3521CC7263D00C2BB1A /* PBXTargetDependency */,
			);
			name = "渐变导航栏Tests";
			productName = "渐变导航栏Tests";
			productReference = 415AD3501CC7263D00C2BB1A /* 渐变导航栏Tests.xctest */;
			productType = "com.apple.product-type.bundle.unit-test";
		};
		415AD35A1CC7263D00C2BB1A /* 渐变导航栏UITests */ = {
			isa = PBXNativeTarget;
			buildConfigurationList = 415AD36A1CC7263D00C2BB1A /* Build configuration list for PBXNativeTarget "渐变导航栏UITests" */;
			buildPhases = (
				415AD3571CC7263D00C2BB1A /* Sources */,
				415AD3581CC7263D00C2BB1A /* Frameworks */,
				415AD3591CC7263D00C2BB1A /* Resources */,
			);
			buildRules = (
			);
			dependencies = (
				415AD35D1CC7263D00C2BB1A /* PBXTargetDependency */,
			);
			name = "渐变导航栏UITests";
			productName = "渐变导航栏UITests";
			productReference = 415AD35B1CC7263D00C2BB1A /* 渐变导航栏UITests.xctest */;
			productType = "com.apple.product-type.bundle.ui-testing";
		};
/* End PBXNativeTarget section */

/* Begin PBXProject section */
		415AD32F1CC7263D00C2BB1A /* Project object */ = {
			isa = PBXProject;
			attributes = {
				LastUpgradeCheck = 0730;
				ORGANIZATIONNAME = archerLj;
				TargetAttributes = {
					415AD3361CC7263D00C2BB1A = {
						CreatedOnToolsVersion = 7.3;
					};
					415AD34F1CC7263D00C2BB1A = {
						CreatedOnToolsVersion = 7.3;
						TestTargetID = 415AD3361CC7263D00C2BB1A;
					};
					415AD35A1CC7263D00C2BB1A = {
						CreatedOnToolsVersion = 7.3;
						TestTargetID = 415AD3361CC7263D00C2BB1A;
					};
				};
			};
			buildConfigurationList = 415AD3321CC7263D00C2BB1A /* Build configuration list for PBXProject "渐变导航栏" */;
			compatibilityVersion = "Xcode 3.2";
			developmentRegion = English;
			hasScannedForEncodings = 0;
			knownRegions = (
				en,
				Base,
			);
			mainGroup = 415AD32E1CC7263D00C2BB1A;
			productRefGroup = 415AD3381CC7263D00C2BB1A /* Products */;
			projectDirPath = "";
			projectRoot = "";
			targets = (
				415AD3361CC7263D00C2BB1A /* 渐变导航栏 */,
				415AD34F1CC7263D00C2BB1A /* 渐变导航栏Tests */,
				415AD35A1CC7263D00C2BB1A /* 渐变导航栏UITests */,
			);
		};
/* End PBXProject section */

/* Begin PBXResourcesBuildPhase section */
		415AD3351CC7263D00C2BB1A /* Resources */ = {
			isa = PBXResourcesBuildPhase;
			buildActionMask = 2147483647;
			files = (
				415AD34A1CC7263D00C2BB1A /* LaunchScreen.storyboard in Resources */,
				415AD3711CC751B000C2BB1A /* boat.jpg in Resources */,
				415AD3471CC7263D00C2BB1A /* Assets.xcassets in Resources */,
				415AD3451CC7263D00C2BB1A /* Main.storyboard in Resources */,
			);
			runOnlyForDeploymentPostprocessing = 0;
		};
		415AD34E1CC7263D00C2BB1A /* Resources */ = {
			isa = PBXResourcesBuildPhase;
			buildActionMask = 2147483647;
			files = (
			);
			runOnlyForDeploymentPostprocessing = 0;
		};
		415AD3591CC7263D00C2BB1A /* Resources */ = {
			isa = PBXResourcesBuildPhase;
			buildActionMask = 2147483647;
			files = (
			);
			runOnlyForDeploymentPostprocessing = 0;
		};
/* End PBXResourcesBuildPhase section */

/* Begin PBXSourcesBuildPhase section */
		415AD3331CC7263D00C2BB1A /* Sources */ = {
			isa = PBXSourcesBuildPhase;
			buildActionMask = 2147483647;
			files = (
				415AD3421CC7263D00C2BB1A /* ViewController.m in Sources */,
				415AD36F1CC74E5600C2BB1A /* UIViewController+navigatinSetting.m in Sources */,
				415AD33F1CC7263D00C2BB1A /* AppDelegate.m in Sources */,
				415AD33C1CC7263D00C2BB1A /* main.m in Sources */,
			);
			runOnlyForDeploymentPostprocessing = 0;
		};
		415AD34C1CC7263D00C2BB1A /* Sources */ = {
			isa = PBXSourcesBuildPhase;
			buildActionMask = 2147483647;
			files = (
				415AD3551CC7263D00C2BB1A /* _____Tests.m in Sources */,
			);
			runOnlyForDeploymentPostprocessing = 0;
		};
		415AD3571CC7263D00C2BB1A /* Sources */ = {
			isa = PBXSourcesBuildPhase;
			buildActionMask = 2147483647;
			files = (
				415AD3601CC7263D00C2BB1A /* _____UITests.m in Sources */,
			);
			runOnlyForDeploymentPostprocessing = 0;
		};
/* End PBXSourcesBuildPhase section */

/* Begin PBXTargetDependency section */
		415AD3521CC7263D00C2BB1A /* PBXTargetDependency */ = {
			isa = PBXTargetDependency;
			target = 415AD3361CC7263D00C2BB1A /* 渐变导航栏 */;
			targetProxy = 415AD3511CC7263D00C2BB1A /* PBXContainerItemProxy */;
		};
		415AD35D1CC7263D00C2BB1A /* PBXTargetDependency */ = {
			isa = PBXTargetDependency;
			target = 415AD3361CC7263D00C2BB1A /* 渐变导航栏 */;
			targetProxy = 415AD35C1CC7263D00C2BB1A /* PBXContainerItemProxy */;
		};
/* End PBXTargetDependency section */

/* Begin PBXVariantGroup section */
		415AD3431CC7263D00C2BB1A /* Main.storyboard */ = {
			isa = PBXVariantGroup;
			children = (
				415AD3441CC7263D00C2BB1A /* Base */,
			);
			name = Main.storyboard;
			sourceTree = "<group>";
		};
		415AD3481CC7263D00C2BB1A /* LaunchScreen.storyboard */ = {
			isa = PBXVariantGroup;
			children = (
				415AD3491CC7263D00C2BB1A /* Base */,
			);
			name = LaunchScreen.storyboard;
			sourceTree = "<group>";
		};
/* End PBXVariantGroup section */

/* Begin XCBuildConfiguration section */
		415AD3621CC7263D00C2BB1A /* Debug */ = {
			isa = XCBuildConfiguration;
			buildSettings = {
				ALWAYS_SEARCH_USER_PATHS = NO;
				CLANG_ANALYZER_NONNULL = YES;
				CLANG_CXX_LANGUAGE_STANDARD = "gnu++0x";
				CLANG_CXX_LIBRARY = "libc++";
				CLANG_ENABLE_MODULES = YES;
				CLANG_ENABLE_OBJC_ARC = YES;
				CLANG_WARN_BOOL_CONVERSION = YES;
				CLANG_WARN_CONSTANT_CONVERSION = YES;
				CLANG_WARN_DIRECT_OBJC_ISA_USAGE = YES_ERROR;
				CLANG_WARN_EMPTY_BODY = YES;
				CLANG_WARN_ENUM_CONVERSION = YES;
				CLANG_WARN_INT_CONVERSION = YES;
				CLANG_WARN_OBJC_ROOT_CLASS = YES_ERROR;
				CLANG_WARN_UNREACHABLE_CODE = YES;
				CLANG_WARN__DUPLICATE_METHOD_MATCH = YES;
				"CODE_SIGN_IDENTITY[sdk=iphoneos*]" = "iPhone Developer";
				COPY_PHASE_STRIP = NO;
				DEBUG_INFORMATION_FORMAT = dwarf;
				ENABLE_STRICT_OBJC_MSGSEND = YES;
				ENABLE_TESTABILITY = YES;
				GCC_C_LANGUAGE_STANDARD = gnu99;
				GCC_DYNAMIC_NO_PIC = NO;
				GCC_NO_COMMON_BLOCKS = YES;
				GCC_OPTIMIZATION_LEVEL = 0;
				GCC_PREPROCESSOR_DEFINITIONS = (
					"DEBUG=1",
					"$(inherited)",
				);
				GCC_WARN_64_TO_32_BIT_CONVERSION = YES;
				GCC_WARN_ABOUT_RETURN_TYPE = YES_ERROR;
				GCC_WARN_UNDECLARED_SELECTOR = YES;
				GCC_WARN_UNINITIALIZED_AUTOS = YES_AGGRESSIVE;
				GCC_WARN_UNUSED_FUNCTION = YES;
				GCC_WARN_UNUSED_VARIABLE = YES;
				IPHONEOS_DEPLOYMENT_TARGET = 9.3;
				MTL_ENABLE_DEBUG_INFO = YES;
				ONLY_ACTIVE_ARCH = YES;
				SDKROOT = iphoneos;
			};
			name = Debug;
		};
		415AD3631CC7263D00C2BB1A /* Release */ = {
			isa = XCBuildConfiguration;
			buildSettings = {
				ALWAYS_SEARCH_USER_PATHS = NO;
				CLANG_ANALYZER_NONNULL = YES;
				CLANG_CXX_LANGUAGE_STANDARD = "gnu++0x";
				CLANG_CXX_LIBRARY = "libc++";
				CLANG_ENABLE_MODULES = YES;
				CLANG_ENABLE_OBJC_ARC = YES;
				CLANG_WARN_BOOL_CONVERSION = YES;
				CLANG_WARN_CONSTANT_CONVERSION = YES;
				CLANG_WARN_DIRECT_OBJC_ISA_USAGE = YES_ERROR;
				CLANG_WARN_EMPTY_BODY = YES;
				CLANG_WARN_ENUM_CONVERSION = YES;
				CLANG_WARN_INT_CONVERSION = YES;
				CLANG_WARN_OBJC_ROOT_CLASS = YES_ERROR;
				CLANG_WARN_UNREACHABLE_CODE = YES;
				CLANG_WARN__DUPLICATE_METHOD_MATCH = YES;
				"CODE_SIGN_IDENTITY[sdk=iphoneos*]" = "iPhone Developer";
				COPY_PHASE_STRIP = NO;
				DEBUG_INFORMATION_FORMAT = "dwarf-with-dsym";
				ENABLE_NS_ASSERTIONS = NO;
				ENABLE_STRICT_OBJC_MSGSEND = YES;
				GCC_C_LANGUAGE_STANDARD = gnu99;
				GCC_NO_COMMON_BLOCKS = YES;
				GCC_WARN_64_TO_32_BIT_CONVERSION = YES;
				GCC_WARN_ABOUT_RETURN_TYPE = YES_ERROR;
				GCC_WARN_UNDECLARED_SELECTOR = YES;
				GCC_WARN_UNINITIALIZED_AUTOS = YES_AGGRESSIVE;
				GCC_WARN_UNUSED_FUNCTION = YES;
				GCC_WARN_UNUSED_VARIABLE = YES;
				IPHONEOS_DEPLOYMENT_TARGET = 9.3;
				MTL_ENABLE_DEBUG_INFO = NO;
				SDKROOT = iphoneos;
				VALIDATE_PRODUCT = YES;
			};
			name = Release;
		};
		415AD3651CC7263D00C2BB1A /* Debug */ = {
			isa = XCBuildConfiguration;
			buildSettings = {
				ASSETCATALOG_COMPILER_APPICON_NAME = AppIcon;
				INFOPLIST_FILE = "渐变导航栏/Info.plist";
				IPHONEOS_DEPLOYMENT_TARGET = 7.0;
				LD_RUNPATH_SEARCH_PATHS = "$(inherited) @executable_path/Frameworks";
				PRODUCT_BUNDLE_IDENTIFIER = "lj0011977-163.com.-----";
				PRODUCT_NAME = "$(TARGET_NAME)";
			};
			name = Debug;
		};
		415AD3661CC7263D00C2BB1A /* Release */ = {
			isa = XCBuildConfiguration;
			buildSettings = {
				ASSETCATALOG_COMPILER_APPICON_NAME = AppIcon;
				INFOPLIST_FILE = "渐变导航栏/Info.plist";
				IPHONEOS_DEPLOYMENT_TARGET = 7.0;
				LD_RUNPATH_SEARCH_PATHS = "$(inherited) @executable_path/Frameworks";
				PRODUCT_BUNDLE_IDENTIFIER = "lj0011977-163.com.-----";
				PRODUCT_NAME = "$(TARGET_NAME)";
			};
			name = Release;
		};
		415AD3681CC7263D00C2BB1A /* Debug */ = {
			isa = XCBuildConfiguration;
			buildSettings = {
				BUNDLE_LOADER = "$(TEST_HOST)";
				INFOPLIST_FILE = "渐变导航栏Tests/Info.plist";
				LD_RUNPATH_SEARCH_PATHS = "$(inherited) @executable_path/Frameworks @loader_path/Frameworks";
				PRODUCT_BUNDLE_IDENTIFIER = "lj0011977-163.com.-----Tests";
				PRODUCT_NAME = "$(TARGET_NAME)";
				TEST_HOST = "$(BUILT_PRODUCTS_DIR)/渐变导航栏.app/渐变导航栏";
			};
			name = Debug;
		};
		415AD3691CC7263D00C2BB1A /* Release */ = {
			isa = XCBuildConfiguration;
			buildSettings = {
				BUNDLE_LOADER = "$(TEST_HOST)";
				INFOPLIST_FILE = "渐变导航栏Tests/Info.plist";
				LD_RUNPATH_SEARCH_PATHS = "$(inherited) @executable_path/Frameworks @loader_path/Frameworks";
				PRODUCT_BUNDLE_IDENTIFIER = "lj0011977-163.com.-----Tests";
				PRODUCT_NAME = "$(TARGET_NAME)";
				TEST_HOST = "$(BUILT_PRODUCTS_DIR)/渐变导航栏.app/渐变导航栏";
			};
			name = Release;
		};
		415AD36B1CC7263D00C2BB1A /* Debug */ = {
			isa = XCBuildConfiguration;
			buildSettings = {
				INFOPLIST_FILE = "渐变导航栏UITests/Info.plist";
				LD_RUNPATH_SEARCH_PATHS = "$(inherited) @executable_path/Frameworks @loader_path/Frameworks";
				PRODUCT_BUNDLE_IDENTIFIER = "lj0011977-163.com.-----UITests";
				PRODUCT_NAME = "$(TARGET_NAME)";
				TEST_TARGET_NAME = "渐变导航栏";
			};
			name = Debug;
		};
		415AD36C1CC7263D00C2BB1A /* Release */ = {
			isa = XCBuildConfiguration;
			buildSettings = {
				INFOPLIST_FILE = "渐变导航栏UITests/Info.plist";
				LD_RUNPATH_SEARCH_PATHS = "$(inherited) @executable_path/Frameworks @loader_path/Frameworks";
				PRODUCT_BUNDLE_IDENTIFIER = "lj0011977-163.com.-----UITests";
				PRODUCT_NAME = "$(TARGET_NAME)";
				TEST_TARGET_NAME = "渐变导航栏";
			};
			name = Release;
		};
/* End XCBuildConfiguration section */

/* Begin XCConfigurationList section */
		415AD3321CC7263D00C2BB1A /* Build configuration list for PBXProject "渐变导航栏" */ = {
			isa = XCConfigurationList;
			buildConfigurations = (
				415AD3621CC7263D00C2BB1A /* Debug */,
				415AD3631CC7263D00C2BB1A /* Release */,
			);
			defaultConfigurationIsVisible = 0;
			defaultConfigurationName = Release;
		};
		415AD3641CC7263D00C2BB1A /* Build configuration list for PBXNativeTarget "渐变导航栏" */ = {
			isa = XCConfigurationList;
			buildConfigurations = (
				415AD3651CC7263D00C2BB1A /* Debug */,
				415AD3661CC7263D00C2BB1A /* Release */,
			);
			defaultConfigurationIsVisible = 0;
		};
		415AD3671CC7263D00C2BB1A /* Build configuration list for PBXNativeTarget "渐变导航栏Tests" */ = {
			isa = XCConfigurationList;
			buildConfigurations = (
				415AD3681CC7263D00C2BB1A /* Debug */,
				415AD3691CC7263D00C2BB1A /* Release */,
			);
			defaultConfigurationIsVisible = 0;
		};
		415AD36A1CC7263D00C2BB1A /* Build configuration list for PBXNativeTarget "渐变导航栏UITests" */ = {
			isa = XCConfigurationList;
			buildConfigurations = (
				415AD36B1CC7263D00C2BB1A /* Debug */,
				415AD36C1CC7263D00C2BB1A /* Release */,
			);
			defaultConfigurationIsVisible = 0;
		};
/* End XCConfigurationList section */
	};
	rootObject = 415AD32F1CC7263D00C2BB1A /* Project object */;
}
